
Microsoft Visual Studio Solution File, Format Version 12.00
# Visual Studio Version 17
VisualStudioVersion = 17.14.36705.20 d17.14
MinimumVisualStudioVersion = 10.0.40219.1
Project("{FAE04EC0-301F-11D3-BF4B-00C04F79EFBC}") = "RoomBookingAPI", "RoomBookingAPI.csproj", "{C510CFE9-B39B-4878-8426-0CBC50E1F665}"
EndProject
Global
	GlobalSection(SolutionConfigurationPlatforms) = preSolution
		Debug|Any CPU = Debug|Any CPU
		Release|Any CPU = Release|Any CPU
	EndGlobalSection
	GlobalSection(ProjectConfigurationPlatforms) = postSolution
		{C510CFE9-B39B-4878-8426-0CBC50E1F665}.Debug|Any CPU.ActiveCfg = Debug|Any CPU
		{C510CFE9-B39B-4878-8426-0CBC50E1F665}.Debug|Any CPU.Build.0 = Debug|Any CPU
		{C510CFE9-B39B-4878-8426-0CBC50E1F665}.Release|Any CPU.ActiveCfg = Release|Any CPU
		{C510CFE9-B39B-4878-8426-0CBC50E1F665}.Release|Any CPU.Build.0 = Release|Any CPU
	EndGlobalSection
	GlobalSection(SolutionProperties) = preSolution
		HideSolutionNode = FALSE
	EndGlobalSection
	GlobalSection(ExtensibilityGlobals) = postSolution
		SolutionGuid = {17CDD687-1424-48D8-8D17-36C1139D0112}
	EndGlobalSection
EndGlobal
